<?xml version="1.0" encoding="utf-8"?>
<Project ToolsVersion="4.0" xmlns="http://schemas.microsoft.com/developer/msbuild/2003">
  <ItemGroup>
    <Filter Include="Source Files">
      <UniqueIdentifier>{4FC737F1-C7A5-4376-A066-2A32D752A2FF}</UniqueIdentifier>
      <Extensions>qml;cpp;c;cc;cxx;def;odl;idl;hpj;bat;asm;asmx</Extensions>
    </Filter>
    <Filter Include="Header Files">
      <UniqueIdentifier>{93995380-89BD-4b04-88EB-625FBE52EBFB}</UniqueIdentifier>
      <Extensions>h;hh;hpp;hxx;hm;inl;inc;xsd</Extensions>
    </Filter>
    <Filter Include="Resource Files">
      <UniqueIdentifier>{67DA6AB6-F800-4c08-8B7A-83BB121AAD01}</UniqueIdentifier>
      <Extensions>qrc;rc;ico;cur;bmp;dlg;rc2;rct;bin;rgs;gif;jpg;jpeg;jpe;resx;tiff;tif;png;wav;mfcribbon-ms</Extensions>
    </Filter>
    <Filter Include="Form Files">
      <UniqueIdentifier>{99349809-55BA-4b9d-BF79-8FDBB0286EB3}</UniqueIdentifier>
      <Extensions>ui</Extensions>
    </Filter>
    <Filter Include="Translation Files">
      <UniqueIdentifier>{639EADAA-A684-42e4-A9AD-28FC9BCB8F7C}</UniqueIdentifier>
      <Extensions>ts</Extensions>
    </Filter>
  </ItemGroup>
  <ItemGroup>
    <QtRcc Include="Qt_MiniserverUpdater.qrc">
      <Filter>Resource Files</Filter>
    </QtRcc>
    <QtUic Include="Qt_MiniserverUpdater.ui">
      <Filter>Form Files</Filter>
    </QtUic>
    <QtMoc Include="Qt_MiniserverUpdater.h">
      <Filter>Header Files</Filter>
    </QtMoc>
    <ClCompile Include="Qt_MiniserverUpdater.cpp">
      <Filter>Source Files</Filter>
    </ClCompile>
    <None Include="Qt_MiniserverUpdater.ico">
      <Filter>Resource Files</Filter>
    </None>
    <ResourceCompile Include="Qt_MiniserverUpdater.rc">
      <Filter>Resource Files</Filter>
    </ResourceCompile>
  </ItemGroup>
  <ItemGroup>
    <ClCompile Include="main.cpp">
      <Filter>Source Files</Filter>
    </ClCompile>
    <ClCompile Include="CApplicationSettings.cpp">
      <Filter>Source Files</Filter>
    </ClCompile>
    <ClCompile Include="CConfig.cpp">
      <Filter>Source Files</Filter>
    </ClCompile>
    <ClCompile Include="stdafx.cpp">
      <Filter>Source Files</Filter>
    </ClCompile>
    <ClCompile Include="CLoxAppJson.cpp">
      <Filter>Source Files</Filter>
    </ClCompile>
    <ClCompile Include="CMiniserver.cpp">
      <Filter>Source Files</Filter>
    </ClCompile>
    <ClCompile Include="CurrentUser.cpp">
      <Filter>Source Files</Filter>
    </ClCompile>
    <ClCompile Include="CWebService.cpp">
      <Filter>Source Files</Filter>
    </ClCompile>
    <ClCompile Include="MyConstants.cpp">
      <Filter>Source Files</Filter>
    </ClCompile>
    <ClCompile Include="Qt_Bottom_Action_Buttons.cpp">
      <Filter>Source Files</Filter>
    </ClCompile>
    <ClCompile Include="Qt_Menubar.cpp">
      <Filter>Source Files</Filter>
    </ClCompile>
    <ClCompile Include="Qt_Miniserver_Listview.cpp">
      <Filter>Source Files</Filter>
    </ClCompile>
    <ClCompile Include="Qt_Statusbar.cpp">
      <Filter>Source Files</Filter>
    </ClCompile>
    <ClCompile Include="Qt_ComboBoxItem.cpp">
      <Filter>Source Files</Filter>
    </ClCompile>
    <ClCompile Include="CMiniserverTableModel.cpp">
      <Filter>Source Files</Filter>
    </ClCompile>
    <ClCompile Include="Qt_MiniserverTableView.cpp">
      <Filter>Source Files</Filter>
    </ClCompile>
    <ClCompile Include="CComboBoxLanguageDelegate.cpp">
      <Filter>Source Files</Filter>
    </ClCompile>
    <ClCompile Include="CConnectConfigButtonDelegate.cpp">
      <Filter>Source Files</Filter>
    </ClCompile>
    <ClCompile Include="CUDPListener.cpp">
      <Filter>Source Files</Filter>
    </ClCompile>
    <ClCompile Include="CConfigMSUpdate.cpp">
      <Filter>Source Files</Filter>
    </ClCompile>
  </ItemGroup>
  <ItemGroup>
    <ClInclude Include="CApplicationSettings.h">
      <Filter>Header Files</Filter>
    </ClInclude>
    <ClInclude Include="CConfig.h">
      <Filter>Header Files</Filter>
    </ClInclude>
    <ClInclude Include="stdafx.h">
      <Filter>Header Files</Filter>
    </ClInclude>
    <ClInclude Include="CLoxAppJson.h">
      <Filter>Header Files</Filter>
    </ClInclude>
    <ClInclude Include="CMiniserver.h">
      <Filter>Header Files</Filter>
    </ClInclude>
    <ClInclude Include="CurrentUser.h">
      <Filter>Header Files</Filter>
    </ClInclude>
    <ClInclude Include="CWebService.h">
      <Filter>Header Files</Filter>
    </ClInclude>
    <ClInclude Include="MyConstants.h">
      <Filter>Header Files</Filter>
    </ClInclude>
    <ClInclude Include="CConfigMSUpdate.h">
      <Filter>Header Files</Filter>
    </ClInclude>
  </ItemGroup>
  <ItemGroup>
    <None Include="cpp.hint" />
    <None Include="EmptyProject.Loxone">
      <Filter>Resource Files</Filter>
    </None>
  </ItemGroup>
  <ItemGroup>
    <QtMoc Include="Qt_Bottom_Action_Buttons.h">
      <Filter>Header Files</Filter>
    </QtMoc>
    <QtMoc Include="Qt_Menubar.h">
      <Filter>Header Files</Filter>
    </QtMoc>
    <QtMoc Include="Qt_Miniserver_Listview.h">
      <Filter>Header Files</Filter>
    </QtMoc>
    <QtMoc Include="Qt_Statusbar.h">
      <Filter>Header Files</Filter>
    </QtMoc>
    <QtMoc Include="Qt_ComboBoxItem.h">
      <Filter>Header Files</Filter>
    </QtMoc>
    <QtMoc Include="CMiniserverTableModel.h">
      <Filter>Header Files</Filter>
    </QtMoc>
    <QtMoc Include="Qt_MiniserverTableView.h">
      <Filter>Header Files</Filter>
    </QtMoc>
    <QtMoc Include="CComboBoxLanguageDelegate.h">
      <Filter>Header Files</Filter>
    </QtMoc>
    <QtMoc Include="CConnectConfigButtonDelegate.h">
      <Filter>Header Files</Filter>
    </QtMoc>
    <QtMoc Include="CUDPListener.h">
      <Filter>Header Files</Filter>
    </QtMoc>
  </ItemGroup>
  <ItemGroup>
    <QtUic Include="Qt_Bottom_Action_Buttons.ui">
      <Filter>Form Files</Filter>
    </QtUic>
    <QtUic Include="Qt_Menubar.ui">
      <Filter>Form Files</Filter>
    </QtUic>
    <QtUic Include="Qt_Miniserver_Listview.ui">
      <Filter>Form Files</Filter>
    </QtUic>
    <QtUic Include="Qt_Statusbar.ui">
      <Filter>Form Files</Filter>
    </QtUic>
    <QtUic Include="Qt_ComboBoxItem.ui">
      <Filter>Form Files</Filter>
    </QtUic>
    <QtUic Include="Qt_MiniserverTableView.ui">
      <Filter>Form Files</Filter>
    </QtUic>
  </ItemGroup>
  <ItemGroup>
    <Text Include="Changelog.txt" />
  </ItemGroup>
</Project>